// !$*UTF8*$!
{
	archiveVersion = 1;
	classes = {
	};
	objectVersion = 56;
	objects = {

/* Begin PBXBuildFile section */
		788FB5E3EAB6BF28F1A36ECD /* Pods_PetConnect.framework in Frameworks */ = {isa = PBXBuildFile; fileRef = DFA296A3C4A310183E7641D7 /* Pods_PetConnect.framework */; };
		848E40532A87F2C80014D704 /* HomePageAssembly.swift in Sources */ = {isa = PBXBuildFile; fileRef = 848E40522A87F2C80014D704 /* HomePageAssembly.swift */; };
		848E40552A87F2DF0014D704 /* HomePageProtocols.swift in Sources */ = {isa = PBXBuildFile; fileRef = 848E40542A87F2DF0014D704 /* HomePageProtocols.swift */; };
		848E40572A87F3060014D704 /* HomePageView.swift in Sources */ = {isa = PBXBuildFile; fileRef = 848E40562A87F3060014D704 /* HomePageView.swift */; };
		848E40592A87F3110014D704 /* HomePageViewController.swift in Sources */ = {isa = PBXBuildFile; fileRef = 848E40582A87F3110014D704 /* HomePageViewController.swift */; };
		848E405B2A87F3240014D704 /* HomePagePresenter.swift in Sources */ = {isa = PBXBuildFile; fileRef = 848E405A2A87F3240014D704 /* HomePagePresenter.swift */; };
		848E405D2A87F55A0014D704 /* BaseNavigationController.swift in Sources */ = {isa = PBXBuildFile; fileRef = 848E405C2A87F55A0014D704 /* BaseNavigationController.swift */; };
		848E40612A880E700014D704 /* PrimaryNavBarView.swift in Sources */ = {isa = PBXBuildFile; fileRef = 848E40602A880E700014D704 /* PrimaryNavBarView.swift */; };
		848E40652A88DBDC0014D704 /* PetsCollectionView.swift in Sources */ = {isa = PBXBuildFile; fileRef = 848E40642A88DBDC0014D704 /* PetsCollectionView.swift */; };
		848E40672A88DBE90014D704 /* PetsCollectionViewCell.swift in Sources */ = {isa = PBXBuildFile; fileRef = 848E40662A88DBE90014D704 /* PetsCollectionViewCell.swift */; };
		848E406A2A88DE660014D704 /* Pet.swift in Sources */ = {isa = PBXBuildFile; fileRef = 848E40692A88DE660014D704 /* Pet.swift */; };
		848E406C2A8A16710014D704 /* NotificationsTableViewCell.swift in Sources */ = {isa = PBXBuildFile; fileRef = 848E406B2A8A16710014D704 /* NotificationsTableViewCell.swift */; };
		CAA573512A90B79400433DBC /* ProfilePresenter.swift in Sources */ = {isa = PBXBuildFile; fileRef = CAA573502A90B79400433DBC /* ProfilePresenter.swift */; };
		CAA573532A90B82E00433DBC /* ProfileViewController.swift in Sources */ = {isa = PBXBuildFile; fileRef = CAA573522A90B82E00433DBC /* ProfileViewController.swift */; };
		CAA573552A910D4200433DBC /* HomePageBuilder.swift in Sources */ = {isa = PBXBuildFile; fileRef = CAA573542A910D4200433DBC /* HomePageBuilder.swift */; };
		CAA573572A910E7E00433DBC /* NotificationPresenter.swift in Sources */ = {isa = PBXBuildFile; fileRef = CAA573562A910E7E00433DBC /* NotificationPresenter.swift */; };
		CAA573592A91107E00433DBC /* NotificationViewController.swift in Sources */ = {isa = PBXBuildFile; fileRef = CAA573582A91107E00433DBC /* NotificationViewController.swift */; };
		CACE7E192A9221250080ECFD /* Notification.swift in Sources */ = {isa = PBXBuildFile; fileRef = CACE7E182A9221250080ECFD /* Notification.swift */; };
		EE22A38A2A87AB6000DAF44C /* AppDelegate.swift in Sources */ = {isa = PBXBuildFile; fileRef = EE22A3892A87AB6000DAF44C /* AppDelegate.swift */; };
		EE22A38C2A87AB6000DAF44C /* SceneDelegate.swift in Sources */ = {isa = PBXBuildFile; fileRef = EE22A38B2A87AB6000DAF44C /* SceneDelegate.swift */; };
		EE22A3932A87AB6200DAF44C /* Assets.xcassets in Resources */ = {isa = PBXBuildFile; fileRef = EE22A3922A87AB6200DAF44C /* Assets.xcassets */; };
		EE22A3962A87AB6200DAF44C /* LaunchScreen.storyboard in Resources */ = {isa = PBXBuildFile; fileRef = EE22A3942A87AB6200DAF44C /* LaunchScreen.storyboard */; };
		EE22A3A12A87AE9800DAF44C /* MainTabBarViewController.swift in Sources */ = {isa = PBXBuildFile; fileRef = EE22A3A02A87AE9800DAF44C /* MainTabBarViewController.swift */; };
		EE22A3A32A87AEAB00DAF44C /* MainBuilder.swift in Sources */ = {isa = PBXBuildFile; fileRef = EE22A3A22A87AEAB00DAF44C /* MainBuilder.swift */; };
		EE364A6C2A8F9BC1008A8796 /* KeyChainStorage.swift in Sources */ = {isa = PBXBuildFile; fileRef = EE364A6B2A8F9BC1008A8796 /* KeyChainStorage.swift */; };
		EE364A702A901E10008A8796 /* CustomTextField.swift in Sources */ = {isa = PBXBuildFile; fileRef = EE364A6F2A901E10008A8796 /* CustomTextField.swift */; };
		EE364A762A9021EC008A8796 /* CustomTextField.xib in Resources */ = {isa = PBXBuildFile; fileRef = EE364A752A9021EC008A8796 /* CustomTextField.xib */; };
		EE5ABC252A89795B00E762D6 /* GreetingViewController.swift in Sources */ = {isa = PBXBuildFile; fileRef = EE5ABC232A89795A00E762D6 /* GreetingViewController.swift */; };
		EE5ABC262A89795B00E762D6 /* GreetingViewController.xib in Resources */ = {isa = PBXBuildFile; fileRef = EE5ABC242A89795A00E762D6 /* GreetingViewController.xib */; };
		EE5ABC412A89816100E762D6 /* SF-Pro-Display-Light.otf in Resources */ = {isa = PBXBuildFile; fileRef = EE5ABC2D2A89816100E762D6 /* SF-Pro-Display-Light.otf */; };
		EE5ABC422A89816100E762D6 /* SF-Pro-Display-Regular.otf in Resources */ = {isa = PBXBuildFile; fileRef = EE5ABC2E2A89816100E762D6 /* SF-Pro-Display-Regular.otf */; };
		EE5ABC432A89816100E762D6 /* SF-Pro-Display-Bold.otf in Resources */ = {isa = PBXBuildFile; fileRef = EE5ABC2F2A89816100E762D6 /* SF-Pro-Display-Bold.otf */; };
		EE5ABC442A89816100E762D6 /* SF-Pro-Display-Medium.otf in Resources */ = {isa = PBXBuildFile; fileRef = EE5ABC302A89816100E762D6 /* SF-Pro-Display-Medium.otf */; };
		EE5ABC452A89816100E762D6 /* SF-Pro-Display-Heavy.otf in Resources */ = {isa = PBXBuildFile; fileRef = EE5ABC312A89816100E762D6 /* SF-Pro-Display-Heavy.otf */; };
		EE5ABC462A89816100E762D6 /* SF-Pro-Display-Semibold.otf in Resources */ = {isa = PBXBuildFile; fileRef = EE5ABC322A89816100E762D6 /* SF-Pro-Display-Semibold.otf */; };
		EE5ABC522A89D20600E762D6 /* GreetingPresenter.swift in Sources */ = {isa = PBXBuildFile; fileRef = EE5ABC512A89D20600E762D6 /* GreetingPresenter.swift */; };
		EE5ABC542A8A442500E762D6 /* AuthBuilder.swift in Sources */ = {isa = PBXBuildFile; fileRef = EE5ABC532A8A442500E762D6 /* AuthBuilder.swift */; };
		EE5ABC582A8A464B00E762D6 /* SignInPresenter.swift in Sources */ = {isa = PBXBuildFile; fileRef = EE5ABC572A8A464B00E762D6 /* SignInPresenter.swift */; };
		EE5ABC5B2A8A467A00E762D6 /* SignInViewController.swift in Sources */ = {isa = PBXBuildFile; fileRef = EE5ABC592A8A467A00E762D6 /* SignInViewController.swift */; };
		EE5ABC5C2A8A467A00E762D6 /* SignInViewController.xib in Resources */ = {isa = PBXBuildFile; fileRef = EE5ABC5A2A8A467A00E762D6 /* SignInViewController.xib */; };
		EE66A1832A8D9741006947BE /* UsersNetworkService.swift in Sources */ = {isa = PBXBuildFile; fileRef = EE66A1822A8D9741006947BE /* UsersNetworkService.swift */; };
		EE66A1862A8D9757006947BE /* RequestJsonStructs.swift in Sources */ = {isa = PBXBuildFile; fileRef = EE66A1852A8D9757006947BE /* RequestJsonStructs.swift */; };
		EE66A1882A8D9764006947BE /* ResponseJsonStructs.swift in Sources */ = {isa = PBXBuildFile; fileRef = EE66A1872A8D9764006947BE /* ResponseJsonStructs.swift */; };
		EE66A18B2A8E2751006947BE /* EmailConfirmationViewController.swift in Sources */ = {isa = PBXBuildFile; fileRef = EE66A1892A8E2751006947BE /* EmailConfirmationViewController.swift */; };
		EE66A18C2A8E2751006947BE /* EmailConfirmationViewController.xib in Resources */ = {isa = PBXBuildFile; fileRef = EE66A18A2A8E2751006947BE /* EmailConfirmationViewController.xib */; };
		EE66A1912A8E5469006947BE /* EmailConfirmationPresenter.swift in Sources */ = {isa = PBXBuildFile; fileRef = EE66A1902A8E5469006947BE /* EmailConfirmationPresenter.swift */; };
		EEAE39002A92382900C4661F /* MenuHeaderView.swift in Sources */ = {isa = PBXBuildFile; fileRef = EEAE38F22A92382900C4661F /* MenuHeaderView.swift */; };
		EEAE39012A92382900C4661F /* PetMainTableViewCell.swift in Sources */ = {isa = PBXBuildFile; fileRef = EEAE38F32A92382900C4661F /* PetMainTableViewCell.swift */; };
		EEAE39022A92382900C4661F /* PetViewController.swift in Sources */ = {isa = PBXBuildFile; fileRef = EEAE38F42A92382900C4661F /* PetViewController.swift */; };
		EEAE39032A92382900C4661F /* MenuTableViewCell.swift in Sources */ = {isa = PBXBuildFile; fileRef = EEAE38F52A92382900C4661F /* MenuTableViewCell.swift */; };
		EEAE39042A92382900C4661F /* PetDetailViewController.swift in Sources */ = {isa = PBXBuildFile; fileRef = EEAE38F62A92382900C4661F /* PetDetailViewController.swift */; };
		EEAE39052A92382900C4661F /* PetTableViewCell.swift in Sources */ = {isa = PBXBuildFile; fileRef = EEAE38F82A92382900C4661F /* PetTableViewCell.swift */; };
		EEAE39062A92382900C4661F /* ExpandabelHeaderView.swift in Sources */ = {isa = PBXBuildFile; fileRef = EEAE38F92A92382900C4661F /* ExpandabelHeaderView.swift */; };
		EEAE39072A92382900C4661F /* PetCreatePageViewController.swift in Sources */ = {isa = PBXBuildFile; fileRef = EEAE38FA2A92382900C4661F /* PetCreatePageViewController.swift */; };
		EEAE39082A92382900C4661F /* Extention.swift in Sources */ = {isa = PBXBuildFile; fileRef = EEAE38FB2A92382900C4661F /* Extention.swift */; };
		EEAE39092A92382900C4661F /* Section.swift in Sources */ = {isa = PBXBuildFile; fileRef = EEAE38FD2A92382900C4661F /* Section.swift */; };
		EEAE390A2A92382900C4661F /* PetHim.swift in Sources */ = {isa = PBXBuildFile; fileRef = EEAE38FE2A92382900C4661F /* PetHim.swift */; };
		EEAE390B2A92382900C4661F /* TableInfo.swift in Sources */ = {isa = PBXBuildFile; fileRef = EEAE38FF2A92382900C4661F /* TableInfo.swift */; };
		EEDC7F692A8A5ED0008CBD72 /* signInModel.swift in Sources */ = {isa = PBXBuildFile; fileRef = EEDC7F682A8A5ECF008CBD72 /* signInModel.swift */; };
		EEDC7F6C2A8A6A0B008CBD72 /* GeneralNetworkService.swift in Sources */ = {isa = PBXBuildFile; fileRef = EEDC7F6B2A8A6A0B008CBD72 /* GeneralNetworkService.swift */; };
		EEDC7F6F2A8A6B37008CBD72 /* AuthNetworkService.swift in Sources */ = {isa = PBXBuildFile; fileRef = EEDC7F6E2A8A6B37008CBD72 /* AuthNetworkService.swift */; };
		EEDC7F722A8A6D1E008CBD72 /* AuthrequestJson.swift in Sources */ = {isa = PBXBuildFile; fileRef = EEDC7F712A8A6D1E008CBD72 /* AuthrequestJson.swift */; };
		EEF75DBB2A8E7734000F1C3A /* TextField Extension.swift in Sources */ = {isa = PBXBuildFile; fileRef = EEF75DBA2A8E7734000F1C3A /* TextField Extension.swift */; };
		EEF75DBD2A8EA57B000F1C3A /* Ui Window Extension.swift in Sources */ = {isa = PBXBuildFile; fileRef = EEF75DBC2A8EA57B000F1C3A /* Ui Window Extension.swift */; };
		EEF75DBF2A8EAB68000F1C3A /* UIViewController Extention.swift.swift in Sources */ = {isa = PBXBuildFile; fileRef = EEF75DBE2A8EAB68000F1C3A /* UIViewController Extention.swift.swift */; };
		EEF75DC12A8F8D94000F1C3A /* UIView Extension.swift in Sources */ = {isa = PBXBuildFile; fileRef = EEF75DC02A8F8D94000F1C3A /* UIView Extension.swift */; };
		EEFA9AF42A8A8AB200EA95A5 /* AuthResponseJson.swift in Sources */ = {isa = PBXBuildFile; fileRef = EEFA9AF32A8A8AB200EA95A5 /* AuthResponseJson.swift */; };
		EEFA9AF82A8A92AE00EA95A5 /* SignUpViewController.swift in Sources */ = {isa = PBXBuildFile; fileRef = EEFA9AF62A8A92AE00EA95A5 /* SignUpViewController.swift */; };
		EEFA9AF92A8A92AE00EA95A5 /* SignUpViewController.xib in Resources */ = {isa = PBXBuildFile; fileRef = EEFA9AF72A8A92AE00EA95A5 /* SignUpViewController.xib */; };
		EEFA9AFB2A8A964700EA95A5 /* signUpPresenter.swift in Sources */ = {isa = PBXBuildFile; fileRef = EEFA9AFA2A8A964700EA95A5 /* signUpPresenter.swift */; };
		EEFA9AFD2A8ACDA000EA95A5 /* SignUpModel.swift in Sources */ = {isa = PBXBuildFile; fileRef = EEFA9AFC2A8ACDA000EA95A5 /* SignUpModel.swift */; };
		EEFA9B012A8B437F00EA95A5 /* AuthValidation.swift in Sources */ = {isa = PBXBuildFile; fileRef = EEFA9B002A8B437F00EA95A5 /* AuthValidation.swift */; };
/* End PBXBuildFile section */

/* Begin PBXFileReference section */
		7892613F535C27311A7612F9 /* Pods-PetConnect.debug.xcconfig */ = {isa = PBXFileReference; includeInIndex = 1; lastKnownFileType = text.xcconfig; name = "Pods-PetConnect.debug.xcconfig"; path = "Target Support Files/Pods-PetConnect/Pods-PetConnect.debug.xcconfig"; sourceTree = "<group>"; };
		7FD9428F92764E5AA76A5608 /* Pods-PetConnect.release.xcconfig */ = {isa = PBXFileReference; includeInIndex = 1; lastKnownFileType = text.xcconfig; name = "Pods-PetConnect.release.xcconfig"; path = "Target Support Files/Pods-PetConnect/Pods-PetConnect.release.xcconfig"; sourceTree = "<group>"; };
		848E40522A87F2C80014D704 /* HomePageAssembly.swift */ = {isa = PBXFileReference; lastKnownFileType = sourcecode.swift; path = HomePageAssembly.swift; sourceTree = "<group>"; };
		848E40542A87F2DF0014D704 /* HomePageProtocols.swift */ = {isa = PBXFileReference; lastKnownFileType = sourcecode.swift; path = HomePageProtocols.swift; sourceTree = "<group>"; };
		848E40562A87F3060014D704 /* HomePageView.swift */ = {isa = PBXFileReference; lastKnownFileType = sourcecode.swift; path = HomePageView.swift; sourceTree = "<group>"; };
		848E40582A87F3110014D704 /* HomePageViewController.swift */ = {isa = PBXFileReference; lastKnownFileType = sourcecode.swift; path = HomePageViewController.swift; sourceTree = "<group>"; };
		848E405A2A87F3240014D704 /* HomePagePresenter.swift */ = {isa = PBXFileReference; lastKnownFileType = sourcecode.swift; path = HomePagePresenter.swift; sourceTree = "<group>"; };
		848E405C2A87F55A0014D704 /* BaseNavigationController.swift */ = {isa = PBXFileReference; lastKnownFileType = sourcecode.swift; path = BaseNavigationController.swift; sourceTree = "<group>"; };
		848E40602A880E700014D704 /* PrimaryNavBarView.swift */ = {isa = PBXFileReference; lastKnownFileType = sourcecode.swift; path = PrimaryNavBarView.swift; sourceTree = "<group>"; };
		848E40642A88DBDC0014D704 /* PetsCollectionView.swift */ = {isa = PBXFileReference; lastKnownFileType = sourcecode.swift; path = PetsCollectionView.swift; sourceTree = "<group>"; };
		848E40662A88DBE90014D704 /* PetsCollectionViewCell.swift */ = {isa = PBXFileReference; lastKnownFileType = sourcecode.swift; path = PetsCollectionViewCell.swift; sourceTree = "<group>"; };
		848E40692A88DE660014D704 /* Pet.swift */ = {isa = PBXFileReference; lastKnownFileType = sourcecode.swift; path = Pet.swift; sourceTree = "<group>"; };
		848E406B2A8A16710014D704 /* NotificationsTableViewCell.swift */ = {isa = PBXFileReference; lastKnownFileType = sourcecode.swift; path = NotificationsTableViewCell.swift; sourceTree = "<group>"; };
		CAA573502A90B79400433DBC /* ProfilePresenter.swift */ = {isa = PBXFileReference; lastKnownFileType = sourcecode.swift; path = ProfilePresenter.swift; sourceTree = "<group>"; };
		CAA573522A90B82E00433DBC /* ProfileViewController.swift */ = {isa = PBXFileReference; lastKnownFileType = sourcecode.swift; path = ProfileViewController.swift; sourceTree = "<group>"; };
		CAA573542A910D4200433DBC /* HomePageBuilder.swift */ = {isa = PBXFileReference; lastKnownFileType = sourcecode.swift; path = HomePageBuilder.swift; sourceTree = "<group>"; };
		CAA573562A910E7E00433DBC /* NotificationPresenter.swift */ = {isa = PBXFileReference; lastKnownFileType = sourcecode.swift; path = NotificationPresenter.swift; sourceTree = "<group>"; };
		CAA573582A91107E00433DBC /* NotificationViewController.swift */ = {isa = PBXFileReference; lastKnownFileType = sourcecode.swift; path = NotificationViewController.swift; sourceTree = "<group>"; };
		CACE7E182A9221250080ECFD /* Notification.swift */ = {isa = PBXFileReference; lastKnownFileType = sourcecode.swift; path = Notification.swift; sourceTree = "<group>"; };
		DFA296A3C4A310183E7641D7 /* Pods_PetConnect.framework */ = {isa = PBXFileReference; explicitFileType = wrapper.framework; includeInIndex = 0; path = Pods_PetConnect.framework; sourceTree = BUILT_PRODUCTS_DIR; };
		EE22A3862A87AB6000DAF44C /* PetConnect.app */ = {isa = PBXFileReference; explicitFileType = wrapper.application; includeInIndex = 0; path = PetConnect.app; sourceTree = BUILT_PRODUCTS_DIR; };
		EE22A3892A87AB6000DAF44C /* AppDelegate.swift */ = {isa = PBXFileReference; lastKnownFileType = sourcecode.swift; path = AppDelegate.swift; sourceTree = "<group>"; };
		EE22A38B2A87AB6000DAF44C /* SceneDelegate.swift */ = {isa = PBXFileReference; lastKnownFileType = sourcecode.swift; path = SceneDelegate.swift; sourceTree = "<group>"; };
		EE22A3922A87AB6200DAF44C /* Assets.xcassets */ = {isa = PBXFileReference; lastKnownFileType = folder.assetcatalog; path = Assets.xcassets; sourceTree = "<group>"; };
		EE22A3952A87AB6200DAF44C /* Base */ = {isa = PBXFileReference; lastKnownFileType = file.storyboard; name = Base; path = Base.lproj/LaunchScreen.storyboard; sourceTree = "<group>"; };
		EE22A3972A87AB6200DAF44C /* Info.plist */ = {isa = PBXFileReference; lastKnownFileType = text.plist.xml; path = Info.plist; sourceTree = "<group>"; };
		EE22A3A02A87AE9800DAF44C /* MainTabBarViewController.swift */ = {isa = PBXFileReference; lastKnownFileType = sourcecode.swift; path = MainTabBarViewController.swift; sourceTree = "<group>"; };
		EE22A3A22A87AEAB00DAF44C /* MainBuilder.swift */ = {isa = PBXFileReference; lastKnownFileType = sourcecode.swift; path = MainBuilder.swift; sourceTree = "<group>"; };
		EE364A6B2A8F9BC1008A8796 /* KeyChainStorage.swift */ = {isa = PBXFileReference; lastKnownFileType = sourcecode.swift; path = KeyChainStorage.swift; sourceTree = "<group>"; };
		EE364A6F2A901E10008A8796 /* CustomTextField.swift */ = {isa = PBXFileReference; lastKnownFileType = sourcecode.swift; path = CustomTextField.swift; sourceTree = "<group>"; };
		EE364A752A9021EC008A8796 /* CustomTextField.xib */ = {isa = PBXFileReference; lastKnownFileType = file.xib; path = CustomTextField.xib; sourceTree = "<group>"; };
		EE5ABC232A89795A00E762D6 /* GreetingViewController.swift */ = {isa = PBXFileReference; lastKnownFileType = sourcecode.swift; path = GreetingViewController.swift; sourceTree = "<group>"; };
		EE5ABC242A89795A00E762D6 /* GreetingViewController.xib */ = {isa = PBXFileReference; lastKnownFileType = file.xib; path = GreetingViewController.xib; sourceTree = "<group>"; };
		EE5ABC2D2A89816100E762D6 /* SF-Pro-Display-Light.otf */ = {isa = PBXFileReference; lastKnownFileType = file; path = "SF-Pro-Display-Light.otf"; sourceTree = "<group>"; };
		EE5ABC2E2A89816100E762D6 /* SF-Pro-Display-Regular.otf */ = {isa = PBXFileReference; lastKnownFileType = file; path = "SF-Pro-Display-Regular.otf"; sourceTree = "<group>"; };
		EE5ABC2F2A89816100E762D6 /* SF-Pro-Display-Bold.otf */ = {isa = PBXFileReference; lastKnownFileType = file; path = "SF-Pro-Display-Bold.otf"; sourceTree = "<group>"; };
		EE5ABC302A89816100E762D6 /* SF-Pro-Display-Medium.otf */ = {isa = PBXFileReference; lastKnownFileType = file; path = "SF-Pro-Display-Medium.otf"; sourceTree = "<group>"; };
		EE5ABC312A89816100E762D6 /* SF-Pro-Display-Heavy.otf */ = {isa = PBXFileReference; lastKnownFileType = file; path = "SF-Pro-Display-Heavy.otf"; sourceTree = "<group>"; };
		EE5ABC322A89816100E762D6 /* SF-Pro-Display-Semibold.otf */ = {isa = PBXFileReference; lastKnownFileType = file; path = "SF-Pro-Display-Semibold.otf"; sourceTree = "<group>"; };
		EE5ABC512A89D20600E762D6 /* GreetingPresenter.swift */ = {isa = PBXFileReference; lastKnownFileType = sourcecode.swift; path = GreetingPresenter.swift; sourceTree = "<group>"; };
		EE5ABC532A8A442500E762D6 /* AuthBuilder.swift */ = {isa = PBXFileReference; lastKnownFileType = sourcecode.swift; path = AuthBuilder.swift; sourceTree = "<group>"; };
		EE5ABC572A8A464B00E762D6 /* SignInPresenter.swift */ = {isa = PBXFileReference; lastKnownFileType = sourcecode.swift; path = SignInPresenter.swift; sourceTree = "<group>"; };
		EE5ABC592A8A467A00E762D6 /* SignInViewController.swift */ = {isa = PBXFileReference; lastKnownFileType = sourcecode.swift; path = SignInViewController.swift; sourceTree = "<group>"; };
		EE5ABC5A2A8A467A00E762D6 /* SignInViewController.xib */ = {isa = PBXFileReference; lastKnownFileType = file.xib; path = SignInViewController.xib; sourceTree = "<group>"; };
		EE66A1822A8D9741006947BE /* UsersNetworkService.swift */ = {isa = PBXFileReference; lastKnownFileType = sourcecode.swift; path = UsersNetworkService.swift; sourceTree = "<group>"; };
		EE66A1852A8D9757006947BE /* RequestJsonStructs.swift */ = {isa = PBXFileReference; lastKnownFileType = sourcecode.swift; path = RequestJsonStructs.swift; sourceTree = "<group>"; };
		EE66A1872A8D9764006947BE /* ResponseJsonStructs.swift */ = {isa = PBXFileReference; lastKnownFileType = sourcecode.swift; path = ResponseJsonStructs.swift; sourceTree = "<group>"; };
		EE66A1892A8E2751006947BE /* EmailConfirmationViewController.swift */ = {isa = PBXFileReference; lastKnownFileType = sourcecode.swift; path = EmailConfirmationViewController.swift; sourceTree = "<group>"; };
		EE66A18A2A8E2751006947BE /* EmailConfirmationViewController.xib */ = {isa = PBXFileReference; lastKnownFileType = file.xib; path = EmailConfirmationViewController.xib; sourceTree = "<group>"; };
		EE66A1902A8E5469006947BE /* EmailConfirmationPresenter.swift */ = {isa = PBXFileReference; lastKnownFileType = sourcecode.swift; path = EmailConfirmationPresenter.swift; sourceTree = "<group>"; };
		EEAE38F22A92382900C4661F /* MenuHeaderView.swift */ = {isa = PBXFileReference; fileEncoding = 4; lastKnownFileType = sourcecode.swift; path = MenuHeaderView.swift; sourceTree = "<group>"; };
		EEAE38F32A92382900C4661F /* PetMainTableViewCell.swift */ = {isa = PBXFileReference; fileEncoding = 4; lastKnownFileType = sourcecode.swift; path = PetMainTableViewCell.swift; sourceTree = "<group>"; };
		EEAE38F42A92382900C4661F /* PetViewController.swift */ = {isa = PBXFileReference; fileEncoding = 4; lastKnownFileType = sourcecode.swift; path = PetViewController.swift; sourceTree = "<group>"; };
		EEAE38F52A92382900C4661F /* MenuTableViewCell.swift */ = {isa = PBXFileReference; fileEncoding = 4; lastKnownFileType = sourcecode.swift; path = MenuTableViewCell.swift; sourceTree = "<group>"; };
		EEAE38F62A92382900C4661F /* PetDetailViewController.swift */ = {isa = PBXFileReference; fileEncoding = 4; lastKnownFileType = sourcecode.swift; path = PetDetailViewController.swift; sourceTree = "<group>"; };
		EEAE38F82A92382900C4661F /* PetTableViewCell.swift */ = {isa = PBXFileReference; fileEncoding = 4; lastKnownFileType = sourcecode.swift; path = PetTableViewCell.swift; sourceTree = "<group>"; };
		EEAE38F92A92382900C4661F /* ExpandabelHeaderView.swift */ = {isa = PBXFileReference; fileEncoding = 4; lastKnownFileType = sourcecode.swift; path = ExpandabelHeaderView.swift; sourceTree = "<group>"; };
		EEAE38FA2A92382900C4661F /* PetCreatePageViewController.swift */ = {isa = PBXFileReference; fileEncoding = 4; lastKnownFileType = sourcecode.swift; path = PetCreatePageViewController.swift; sourceTree = "<group>"; };
		EEAE38FB2A92382900C4661F /* Extention.swift */ = {isa = PBXFileReference; fileEncoding = 4; lastKnownFileType = sourcecode.swift; path = Extention.swift; sourceTree = "<group>"; };
		EEAE38FD2A92382900C4661F /* Section.swift */ = {isa = PBXFileReference; fileEncoding = 4; lastKnownFileType = sourcecode.swift; path = Section.swift; sourceTree = "<group>"; };
		EEAE38FE2A92382900C4661F /* PetHim.swift */ = {isa = PBXFileReference; fileEncoding = 4; lastKnownFileType = sourcecode.swift; path = PetHim.swift; sourceTree = "<group>"; };
		EEAE38FF2A92382900C4661F /* TableInfo.swift */ = {isa = PBXFileReference; fileEncoding = 4; lastKnownFileType = sourcecode.swift; path = TableInfo.swift; sourceTree = "<group>"; };
		EEDC7F682A8A5ECF008CBD72 /* signInModel.swift */ = {isa = PBXFileReference; lastKnownFileType = sourcecode.swift; path = signInModel.swift; sourceTree = "<group>"; };
		EEDC7F6B2A8A6A0B008CBD72 /* GeneralNetworkService.swift */ = {isa = PBXFileReference; lastKnownFileType = sourcecode.swift; path = GeneralNetworkService.swift; sourceTree = "<group>"; };
		EEDC7F6E2A8A6B37008CBD72 /* AuthNetworkService.swift */ = {isa = PBXFileReference; lastKnownFileType = sourcecode.swift; path = AuthNetworkService.swift; sourceTree = "<group>"; };
		EEDC7F712A8A6D1E008CBD72 /* AuthrequestJson.swift */ = {isa = PBXFileReference; lastKnownFileType = sourcecode.swift; path = AuthrequestJson.swift; sourceTree = "<group>"; };
		EEF75DBA2A8E7734000F1C3A /* TextField Extension.swift */ = {isa = PBXFileReference; lastKnownFileType = sourcecode.swift; path = "TextField Extension.swift"; sourceTree = "<group>"; };
		EEF75DBC2A8EA57B000F1C3A /* Ui Window Extension.swift */ = {isa = PBXFileReference; lastKnownFileType = sourcecode.swift; path = "Ui Window Extension.swift"; sourceTree = "<group>"; };
		EEF75DBE2A8EAB68000F1C3A /* UIViewController Extention.swift.swift */ = {isa = PBXFileReference; lastKnownFileType = sourcecode.swift; path = "UIViewController Extention.swift.swift"; sourceTree = "<group>"; };
		EEF75DC02A8F8D94000F1C3A /* UIView Extension.swift */ = {isa = PBXFileReference; lastKnownFileType = sourcecode.swift; path = "UIView Extension.swift"; sourceTree = "<group>"; };
		EEFA9AF32A8A8AB200EA95A5 /* AuthResponseJson.swift */ = {isa = PBXFileReference; lastKnownFileType = sourcecode.swift; path = AuthResponseJson.swift; sourceTree = "<group>"; };
		EEFA9AF62A8A92AE00EA95A5 /* SignUpViewController.swift */ = {isa = PBXFileReference; lastKnownFileType = sourcecode.swift; path = SignUpViewController.swift; sourceTree = "<group>"; };
		EEFA9AF72A8A92AE00EA95A5 /* SignUpViewController.xib */ = {isa = PBXFileReference; lastKnownFileType = file.xib; path = SignUpViewController.xib; sourceTree = "<group>"; };
		EEFA9AFA2A8A964700EA95A5 /* signUpPresenter.swift */ = {isa = PBXFileReference; lastKnownFileType = sourcecode.swift; path = signUpPresenter.swift; sourceTree = "<group>"; };
		EEFA9AFC2A8ACDA000EA95A5 /* SignUpModel.swift */ = {isa = PBXFileReference; lastKnownFileType = sourcecode.swift; path = SignUpModel.swift; sourceTree = "<group>"; };
		EEFA9B002A8B437F00EA95A5 /* AuthValidation.swift */ = {isa = PBXFileReference; lastKnownFileType = sourcecode.swift; path = AuthValidation.swift; sourceTree = "<group>"; };
/* End PBXFileReference section */

/* Begin PBXFrameworksBuildPhase section */
		EE22A3832A87AB6000DAF44C /* Frameworks */ = {
			isa = PBXFrameworksBuildPhase;
			buildActionMask = 2147483647;
			files = (
				788FB5E3EAB6BF28F1A36ECD /* Pods_PetConnect.framework in Frameworks */,
			);
			runOnlyForDeploymentPostprocessing = 0;
		};
/* End PBXFrameworksBuildPhase section */

/* Begin PBXGroup section */
		5DEDEB0876923403FF121617 /* Pods */ = {
			isa = PBXGroup;
			children = (
				7892613F535C27311A7612F9 /* Pods-PetConnect.debug.xcconfig */,
				7FD9428F92764E5AA76A5608 /* Pods-PetConnect.release.xcconfig */,
			);
			path = Pods;
			sourceTree = "<group>";
		};
		7D1A1D07E029E525C558E954 /* Frameworks */ = {
			isa = PBXGroup;
			children = (
				DFA296A3C4A310183E7641D7 /* Pods_PetConnect.framework */,
			);
			name = Frameworks;
			sourceTree = "<group>";
		};
		848E404F2A87F25A0014D704 /* HomePage */ = {
			isa = PBXGroup;
			children = (
				848E40682A88DE530014D704 /* Model */,
				848E40512A87F2870014D704 /* Presenter */,
				848E40502A87F27F0014D704 /* View */,
				848E40522A87F2C80014D704 /* HomePageAssembly.swift */,
				848E40542A87F2DF0014D704 /* HomePageProtocols.swift */,
			);
			path = HomePage;
			sourceTree = "<group>";
		};
		848E40502A87F27F0014D704 /* View */ = {
			isa = PBXGroup;
			children = (
				848E40562A87F3060014D704 /* HomePageView.swift */,
				848E40582A87F3110014D704 /* HomePageViewController.swift */,
				848E40642A88DBDC0014D704 /* PetsCollectionView.swift */,
				848E40662A88DBE90014D704 /* PetsCollectionViewCell.swift */,
				848E406B2A8A16710014D704 /* NotificationsTableViewCell.swift */,
				CAA573582A91107E00433DBC /* NotificationViewController.swift */,
			);
			path = View;
			sourceTree = "<group>";
		};
		848E40512A87F2870014D704 /* Presenter */ = {
			isa = PBXGroup;
			children = (
				848E405A2A87F3240014D704 /* HomePagePresenter.swift */,
				CAA573562A910E7E00433DBC /* NotificationPresenter.swift */,
			);
			path = Presenter;
			sourceTree = "<group>";
		};
		848E40682A88DE530014D704 /* Model */ = {
			isa = PBXGroup;
			children = (
				848E40692A88DE660014D704 /* Pet.swift */,
				CAA573542A910D4200433DBC /* HomePageBuilder.swift */,
				CACE7E182A9221250080ECFD /* Notification.swift */,
			);
			path = Model;
			sourceTree = "<group>";
		};
		CAA5734C2A8FE8B700433DBC /* Profile */ = {
			isa = PBXGroup;
			children = (
				CAA5734F2A90B6DE00433DBC /* Model */,
				CAA5734E2A90B6D000433DBC /* View */,
				CAA5734D2A90B6C400433DBC /* Presenter */,
			);
			path = Profile;
			sourceTree = "<group>";
		};
		CAA5734D2A90B6C400433DBC /* Presenter */ = {
			isa = PBXGroup;
			children = (
				CAA573502A90B79400433DBC /* ProfilePresenter.swift */,
			);
			path = Presenter;
			sourceTree = "<group>";
		};
		CAA5734E2A90B6D000433DBC /* View */ = {
			isa = PBXGroup;
			children = (
				CAA573522A90B82E00433DBC /* ProfileViewController.swift */,
			);
			path = View;
			sourceTree = "<group>";
		};
		CAA5734F2A90B6DE00433DBC /* Model */ = {
			isa = PBXGroup;
			children = (
			);
			path = Model;
			sourceTree = "<group>";
		};
		EE22A37D2A87AB6000DAF44C = {
			isa = PBXGroup;
			children = (
				EE22A3882A87AB6000DAF44C /* PetConnect */,
				EE22A3872A87AB6000DAF44C /* Products */,
				5DEDEB0876923403FF121617 /* Pods */,
				7D1A1D07E029E525C558E954 /* Frameworks */,
			);
			sourceTree = "<group>";
		};
		EE22A3872A87AB6000DAF44C /* Products */ = {
			isa = PBXGroup;
			children = (
				EE22A3862A87AB6000DAF44C /* PetConnect.app */,
			);
			name = Products;
			sourceTree = "<group>";
		};
		EE22A3882A87AB6000DAF44C /* PetConnect */ = {
			isa = PBXGroup;
			children = (
				EE364A6D2A901CFA008A8796 /* CustomViews */,
				EEF75DB92A8E7722000F1C3A /* Extensions */,
				EE5ABC272A89811400E762D6 /* Fonts */,
				EE22A39F2A87AE1E00DAF44C /* Services */,
				EE22A39E2A87AE1700DAF44C /* Modules */,
				EE22A39D2A87ADFD00DAF44C /* App */,
				EE22A3972A87AB6200DAF44C /* Info.plist */,
			);
			path = PetConnect;
			sourceTree = "<group>";
		};
		EE22A39D2A87ADFD00DAF44C /* App */ = {
			isa = PBXGroup;
			children = (
				EE22A3892A87AB6000DAF44C /* AppDelegate.swift */,
				EE22A38B2A87AB6000DAF44C /* SceneDelegate.swift */,
				EE22A3942A87AB6200DAF44C /* LaunchScreen.storyboard */,
				EE22A3922A87AB6200DAF44C /* Assets.xcassets */,
			);
			path = App;
			sourceTree = "<group>";
		};
		EE22A39E2A87AE1700DAF44C /* Modules */ = {
			isa = PBXGroup;
			children = (
				EEAE38B02A92329C00C4661F /* Pet */,
				CAA5734C2A8FE8B700433DBC /* Profile */,
				EE5ABC1B2A8978B400E762D6 /* Auth */,
				848E404F2A87F25A0014D704 /* HomePage */,
				EE22A3A02A87AE9800DAF44C /* MainTabBarViewController.swift */,
				EE22A3A22A87AEAB00DAF44C /* MainBuilder.swift */,
				848E405C2A87F55A0014D704 /* BaseNavigationController.swift */,
				848E40602A880E700014D704 /* PrimaryNavBarView.swift */,
			);
			path = Modules;
			sourceTree = "<group>";
		};
		EE22A39F2A87AE1E00DAF44C /* Services */ = {
			isa = PBXGroup;
			children = (
				EE364A692A8F9B93008A8796 /* LocalStorage */,
				EEFA9AFE2A8B431F00EA95A5 /* ValidationServices */,
				EEDC7F6A2A8A69C5008CBD72 /* NetworkServices */,
			);
			path = Services;
			sourceTree = "<group>";
		};
		EE364A692A8F9B93008A8796 /* LocalStorage */ = {
			isa = PBXGroup;
			children = (
				EE364A6A2A8F9BAA008A8796 /* KeyChain */,
			);
			path = LocalStorage;
			sourceTree = "<group>";
		};
		EE364A6A2A8F9BAA008A8796 /* KeyChain */ = {
			isa = PBXGroup;
			children = (
				EE364A6B2A8F9BC1008A8796 /* KeyChainStorage.swift */,
			);
			path = KeyChain;
			sourceTree = "<group>";
		};
		EE364A6D2A901CFA008A8796 /* CustomViews */ = {
			isa = PBXGroup;
			children = (
				EE364A6E2A901D92008A8796 /* Forms */,
			);
			path = CustomViews;
			sourceTree = "<group>";
		};
		EE364A6E2A901D92008A8796 /* Forms */ = {
			isa = PBXGroup;
			children = (
				EE364A6F2A901E10008A8796 /* CustomTextField.swift */,
				EE364A752A9021EC008A8796 /* CustomTextField.xib */,
			);
			path = Forms;
			sourceTree = "<group>";
		};
		EE5ABC1B2A8978B400E762D6 /* Auth */ = {
			isa = PBXGroup;
			children = (
				EE5ABC1E2A8978D100E762D6 /* Presenter */,
				EE5ABC1D2A8978CB00E762D6 /* View */,
				EE5ABC1C2A8978BD00E762D6 /* Model */,
				EE5ABC532A8A442500E762D6 /* AuthBuilder.swift */,
			);
			path = Auth;
			sourceTree = "<group>";
		};
		EE5ABC1C2A8978BD00E762D6 /* Model */ = {
			isa = PBXGroup;
			children = (
				EEDC7F682A8A5ECF008CBD72 /* signInModel.swift */,
				EEFA9AFC2A8ACDA000EA95A5 /* SignUpModel.swift */,
			);
			path = Model;
			sourceTree = "<group>";
		};
		EE5ABC1D2A8978CB00E762D6 /* View */ = {
			isa = PBXGroup;
			children = (
				EE66A1922A8E572E006947BE /* Email Confirmation */,
				EEFA9AF52A8A928D00EA95A5 /* SignUp */,
				EE5ABC562A8A463300E762D6 /* SignIn */,
				EE5ABC552A8A462400E762D6 /* Greeting */,
			);
			path = View;
			sourceTree = "<group>";
		};
		EE5ABC1E2A8978D100E762D6 /* Presenter */ = {
			isa = PBXGroup;
			children = (
				EE5ABC512A89D20600E762D6 /* GreetingPresenter.swift */,
				EE5ABC572A8A464B00E762D6 /* SignInPresenter.swift */,
				EEFA9AFA2A8A964700EA95A5 /* signUpPresenter.swift */,
				EE66A1902A8E5469006947BE /* EmailConfirmationPresenter.swift */,
			);
			path = Presenter;
			sourceTree = "<group>";
		};
		EE5ABC272A89811400E762D6 /* Fonts */ = {
			isa = PBXGroup;
			children = (
				EE5ABC282A89816100E762D6 /* San Francisco Pro Display */,
			);
			path = Fonts;
			sourceTree = "<group>";
		};
		EE5ABC282A89816100E762D6 /* San Francisco Pro Display */ = {
			isa = PBXGroup;
			children = (
				EE5ABC2D2A89816100E762D6 /* SF-Pro-Display-Light.otf */,
				EE5ABC2E2A89816100E762D6 /* SF-Pro-Display-Regular.otf */,
				EE5ABC2F2A89816100E762D6 /* SF-Pro-Display-Bold.otf */,
				EE5ABC302A89816100E762D6 /* SF-Pro-Display-Medium.otf */,
				EE5ABC312A89816100E762D6 /* SF-Pro-Display-Heavy.otf */,
				EE5ABC322A89816100E762D6 /* SF-Pro-Display-Semibold.otf */,
			);
			path = "San Francisco Pro Display";
			sourceTree = "<group>";
		};
		EE5ABC552A8A462400E762D6 /* Greeting */ = {
			isa = PBXGroup;
			children = (
				EE5ABC232A89795A00E762D6 /* GreetingViewController.swift */,
				EE5ABC242A89795A00E762D6 /* GreetingViewController.xib */,
			);
			path = Greeting;
			sourceTree = "<group>";
		};
		EE5ABC562A8A463300E762D6 /* SignIn */ = {
			isa = PBXGroup;
			children = (
				EE5ABC592A8A467A00E762D6 /* SignInViewController.swift */,
				EE5ABC5A2A8A467A00E762D6 /* SignInViewController.xib */,
			);
			path = SignIn;
			sourceTree = "<group>";
		};
		EE66A1812A8D926F006947BE /* UsersNetworkService */ = {
			isa = PBXGroup;
			children = (
				EE66A1842A8D9746006947BE /* Json */,
				EE66A1822A8D9741006947BE /* UsersNetworkService.swift */,
			);
			path = UsersNetworkService;
			sourceTree = "<group>";
		};
		EE66A1842A8D9746006947BE /* Json */ = {
			isa = PBXGroup;
			children = (
				EE66A1852A8D9757006947BE /* RequestJsonStructs.swift */,
				EE66A1872A8D9764006947BE /* ResponseJsonStructs.swift */,
			);
			path = Json;
			sourceTree = "<group>";
		};
		EE66A1922A8E572E006947BE /* Email Confirmation */ = {
			isa = PBXGroup;
			children = (
				EE66A1892A8E2751006947BE /* EmailConfirmationViewController.swift */,
				EE66A18A2A8E2751006947BE /* EmailConfirmationViewController.xib */,
			);
			path = "Email Confirmation";
			sourceTree = "<group>";
		};
		EEAE38B02A92329C00C4661F /* Pet */ = {
			isa = PBXGroup;
			children = (
				EEAE38FB2A92382900C4661F /* Extention.swift */,
				EEAE38FC2A92382900C4661F /* model */,
				EEAE38F12A92382900C4661F /* view */,
			);
			path = Pet;
			sourceTree = "<group>";
		};
		EEAE38F12A92382900C4661F /* view */ = {
			isa = PBXGroup;
			children = (
				EEAE38F22A92382900C4661F /* MenuHeaderView.swift */,
				EEAE38F32A92382900C4661F /* PetMainTableViewCell.swift */,
				EEAE38F42A92382900C4661F /* PetViewController.swift */,
				EEAE38F52A92382900C4661F /* MenuTableViewCell.swift */,
				EEAE38F62A92382900C4661F /* PetDetailViewController.swift */,
				EEAE38F72A92382900C4661F /* addPet */,
			);
			path = view;
			sourceTree = "<group>";
		};
		EEAE38F72A92382900C4661F /* addPet */ = {
			isa = PBXGroup;
			children = (
				EEAE38F82A92382900C4661F /* PetTableViewCell.swift */,
				EEAE38F92A92382900C4661F /* ExpandabelHeaderView.swift */,
				EEAE38FA2A92382900C4661F /* PetCreatePageViewController.swift */,
			);
			path = addPet;
			sourceTree = "<group>";
		};
		EEAE38FC2A92382900C4661F /* model */ = {
			isa = PBXGroup;
			children = (
				EEAE38FD2A92382900C4661F /* Section.swift */,
				EEAE38FE2A92382900C4661F /* PetHim.swift */,
				EEAE38FF2A92382900C4661F /* TableInfo.swift */,
			);
			path = model;
			sourceTree = "<group>";
		};
		EEDC7F6A2A8A69C5008CBD72 /* NetworkServices */ = {
			isa = PBXGroup;
			children = (
				EE66A1812A8D926F006947BE /* UsersNetworkService */,
				EEDC7F6D2A8A6A89008CBD72 /* AuthNetworkService */,
				EEDC7F6B2A8A6A0B008CBD72 /* GeneralNetworkService.swift */,
			);
			path = NetworkServices;
			sourceTree = "<group>";
		};
		EEDC7F6D2A8A6A89008CBD72 /* AuthNetworkService */ = {
			isa = PBXGroup;
			children = (
				EEDC7F702A8A6D07008CBD72 /* Json */,
				EEDC7F6E2A8A6B37008CBD72 /* AuthNetworkService.swift */,
			);
			path = AuthNetworkService;
			sourceTree = "<group>";
		};
		EEDC7F702A8A6D07008CBD72 /* Json */ = {
			isa = PBXGroup;
			children = (
				EEDC7F712A8A6D1E008CBD72 /* AuthrequestJson.swift */,
				EEFA9AF32A8A8AB200EA95A5 /* AuthResponseJson.swift */,
			);
			path = Json;
			sourceTree = "<group>";
		};
		EEF75DB92A8E7722000F1C3A /* Extensions */ = {
			isa = PBXGroup;
			children = (
				EEF75DBA2A8E7734000F1C3A /* TextField Extension.swift */,
				EEF75DBC2A8EA57B000F1C3A /* Ui Window Extension.swift */,
				EEF75DBE2A8EAB68000F1C3A /* UIViewController Extention.swift.swift */,
				EEF75DC02A8F8D94000F1C3A /* UIView Extension.swift */,
			);
			path = Extensions;
			sourceTree = "<group>";
		};
		EEFA9AF52A8A928D00EA95A5 /* SignUp */ = {
			isa = PBXGroup;
			children = (
				EEFA9AF62A8A92AE00EA95A5 /* SignUpViewController.swift */,
				EEFA9AF72A8A92AE00EA95A5 /* SignUpViewController.xib */,
			);
			path = SignUp;
			sourceTree = "<group>";
		};
		EEFA9AFE2A8B431F00EA95A5 /* ValidationServices */ = {
			isa = PBXGroup;
			children = (
				EEFA9AFF2A8B434D00EA95A5 /* Auth */,
			);
			path = ValidationServices;
			sourceTree = "<group>";
		};
		EEFA9AFF2A8B434D00EA95A5 /* Auth */ = {
			isa = PBXGroup;
			children = (
				EEFA9B002A8B437F00EA95A5 /* AuthValidation.swift */,
			);
			path = Auth;
			sourceTree = "<group>";
		};
/* End PBXGroup section */

/* Begin PBXNativeTarget section */
		EE22A3852A87AB6000DAF44C /* PetConnect */ = {
			isa = PBXNativeTarget;
			buildConfigurationList = EE22A39A2A87AB6200DAF44C /* Build configuration list for PBXNativeTarget "PetConnect" */;
			buildPhases = (
				FB2BDD7BE72A1ECDAA6E1F7C /* [CP] Check Pods Manifest.lock */,
				EE22A3822A87AB6000DAF44C /* Sources */,
				EE22A3832A87AB6000DAF44C /* Frameworks */,
				EE22A3842A87AB6000DAF44C /* Resources */,
				7E866C7DD5A3BC3E7BBD03DB /* [CP] Embed Pods Frameworks */,
			);
			buildRules = (
			);
			dependencies = (
			);
			name = PetConnect;
			productName = PetConnect;
			productReference = EE22A3862A87AB6000DAF44C /* PetConnect.app */;
			productType = "com.apple.product-type.application";
		};
/* End PBXNativeTarget section */

/* Begin PBXProject section */
		EE22A37E2A87AB6000DAF44C /* Project object */ = {
			isa = PBXProject;
			attributes = {
				BuildIndependentTargetsInParallel = 1;
				LastSwiftUpdateCheck = 1500;
				LastUpgradeCheck = 1500;
				TargetAttributes = {
					EE22A3852A87AB6000DAF44C = {
						CreatedOnToolsVersion = 15.0;
					};
				};
			};
			buildConfigurationList = EE22A3812A87AB6000DAF44C /* Build configuration list for PBXProject "PetConnect" */;
			compatibilityVersion = "Xcode 14.0";
			developmentRegion = en;
			hasScannedForEncodings = 0;
			knownRegions = (
				en,
				Base,
			);
			mainGroup = EE22A37D2A87AB6000DAF44C;
			productRefGroup = EE22A3872A87AB6000DAF44C /* Products */;
			projectDirPath = "";
			projectRoot = "";
			targets = (
				EE22A3852A87AB6000DAF44C /* PetConnect */,
			);
		};
/* End PBXProject section */

/* Begin PBXResourcesBuildPhase section */
		EE22A3842A87AB6000DAF44C /* Resources */ = {
			isa = PBXResourcesBuildPhase;
			buildActionMask = 2147483647;
			files = (
				EE5ABC5C2A8A467A00E762D6 /* SignInViewController.xib in Resources */,
				EE5ABC462A89816100E762D6 /* SF-Pro-Display-Semibold.otf in Resources */,
				EE22A3962A87AB6200DAF44C /* LaunchScreen.storyboard in Resources */,
				EE22A3932A87AB6200DAF44C /* Assets.xcassets in Resources */,
				EE5ABC262A89795B00E762D6 /* GreetingViewController.xib in Resources */,
				EEFA9AF92A8A92AE00EA95A5 /* SignUpViewController.xib in Resources */,
				EE364A762A9021EC008A8796 /* CustomTextField.xib in Resources */,
				EE5ABC442A89816100E762D6 /* SF-Pro-Display-Medium.otf in Resources */,
				EE5ABC432A89816100E762D6 /* SF-Pro-Display-Bold.otf in Resources */,
				EE66A18C2A8E2751006947BE /* EmailConfirmationViewController.xib in Resources */,
				EE5ABC412A89816100E762D6 /* SF-Pro-Display-Light.otf in Resources */,
				EE5ABC422A89816100E762D6 /* SF-Pro-Display-Regular.otf in Resources */,
				EE5ABC452A89816100E762D6 /* SF-Pro-Display-Heavy.otf in Resources */,
			);
			runOnlyForDeploymentPostprocessing = 0;
		};
/* End PBXResourcesBuildPhase section */

/* Begin PBXShellScriptBuildPhase section */
		7E866C7DD5A3BC3E7BBD03DB /* [CP] Embed Pods Frameworks */ = {
			isa = PBXShellScriptBuildPhase;
			buildActionMask = 2147483647;
			files = (
			);
			inputFileListPaths = (
				"${PODS_ROOT}/Target Support Files/Pods-PetConnect/Pods-PetConnect-frameworks-${CONFIGURATION}-input-files.xcfilelist",
			);
			name = "[CP] Embed Pods Frameworks";
			outputFileListPaths = (
				"${PODS_ROOT}/Target Support Files/Pods-PetConnect/Pods-PetConnect-frameworks-${CONFIGURATION}-output-files.xcfilelist",
			);
			runOnlyForDeploymentPostprocessing = 0;
			shellPath = /bin/sh;
			shellScript = "\"${PODS_ROOT}/Target Support Files/Pods-PetConnect/Pods-PetConnect-frameworks.sh\"\n";
			showEnvVarsInLog = 0;
		};
		FB2BDD7BE72A1ECDAA6E1F7C /* [CP] Check Pods Manifest.lock */ = {
			isa = PBXShellScriptBuildPhase;
			buildActionMask = 2147483647;
			files = (
			);
			inputFileListPaths = (
			);
			inputPaths = (
				"${PODS_PODFILE_DIR_PATH}/Podfile.lock",
				"${PODS_ROOT}/Manifest.lock",
			);
			name = "[CP] Check Pods Manifest.lock";
			outputFileListPaths = (
			);
			outputPaths = (
				"$(DERIVED_FILE_DIR)/Pods-PetConnect-checkManifestLockResult.txt",
			);
			runOnlyForDeploymentPostprocessing = 0;
			shellPath = /bin/sh;
			shellScript = "diff \"${PODS_PODFILE_DIR_PATH}/Podfile.lock\" \"${PODS_ROOT}/Manifest.lock\" > /dev/null\nif [ $? != 0 ] ; then\n    # print error to STDERR\n    echo \"error: The sandbox is not in sync with the Podfile.lock. Run 'pod install' or update your CocoaPods installation.\" >&2\n    exit 1\nfi\n# This output is used by Xcode 'outputs' to avoid re-running this script phase.\necho \"SUCCESS\" > \"${SCRIPT_OUTPUT_FILE_0}\"\n";
			showEnvVarsInLog = 0;
		};
/* End PBXShellScriptBuildPhase section */

/* Begin PBXSourcesBuildPhase section */
		EE22A3822A87AB6000DAF44C /* Sources */ = {
			isa = PBXSourcesBuildPhase;
			buildActionMask = 2147483647;
			files = (
				EEF75DBF2A8EAB68000F1C3A /* UIViewController Extention.swift.swift in Sources */,
				EEDC7F6F2A8A6B37008CBD72 /* AuthNetworkService.swift in Sources */,
				EEAE39062A92382900C4661F /* ExpandabelHeaderView.swift in Sources */,
				EE5ABC5B2A8A467A00E762D6 /* SignInViewController.swift in Sources */,
				EEDC7F692A8A5ED0008CBD72 /* signInModel.swift in Sources */,
				EE66A1832A8D9741006947BE /* UsersNetworkService.swift in Sources */,
				EEAE39052A92382900C4661F /* PetTableViewCell.swift in Sources */,
				CACE7E192A9221250080ECFD /* Notification.swift in Sources */,
				EE5ABC542A8A442500E762D6 /* AuthBuilder.swift in Sources */,
				EEAE39012A92382900C4661F /* PetMainTableViewCell.swift in Sources */,
				EEAE39082A92382900C4661F /* Extention.swift in Sources */,
				CAA573592A91107E00433DBC /* NotificationViewController.swift in Sources */,
				848E405D2A87F55A0014D704 /* BaseNavigationController.swift in Sources */,
				EE5ABC252A89795B00E762D6 /* GreetingViewController.swift in Sources */,
				EEFA9AF82A8A92AE00EA95A5 /* SignUpViewController.swift in Sources */,
				EEAE390A2A92382900C4661F /* PetHim.swift in Sources */,
				EE5ABC582A8A464B00E762D6 /* SignInPresenter.swift in Sources */,
				EEFA9AFB2A8A964700EA95A5 /* signUpPresenter.swift in Sources */,
				EE66A1882A8D9764006947BE /* ResponseJsonStructs.swift in Sources */,
				EEDC7F722A8A6D1E008CBD72 /* AuthrequestJson.swift in Sources */,
				EEAE39042A92382900C4661F /* PetDetailViewController.swift in Sources */,
				CAA573552A910D4200433DBC /* HomePageBuilder.swift in Sources */,
				EEF75DBB2A8E7734000F1C3A /* TextField Extension.swift in Sources */,
				CAA573512A90B79400433DBC /* ProfilePresenter.swift in Sources */,
				EEAE39072A92382900C4661F /* PetCreatePageViewController.swift in Sources */,
				EE22A3A12A87AE9800DAF44C /* MainTabBarViewController.swift in Sources */,
				EE66A1862A8D9757006947BE /* RequestJsonStructs.swift in Sources */,
				EEAE39022A92382900C4661F /* PetViewController.swift in Sources */,
				EE22A38A2A87AB6000DAF44C /* AppDelegate.swift in Sources */,
				CAA573532A90B82E00433DBC /* ProfileViewController.swift in Sources */,
				EE5ABC522A89D20600E762D6 /* GreetingPresenter.swift in Sources */,
				EEAE390B2A92382900C4661F /* TableInfo.swift in Sources */,
				EEAE39032A92382900C4661F /* MenuTableViewCell.swift in Sources */,
				EEF75DBD2A8EA57B000F1C3A /* Ui Window Extension.swift in Sources */,
				EEFA9AFD2A8ACDA000EA95A5 /* SignUpModel.swift in Sources */,
				EE66A1912A8E5469006947BE /* EmailConfirmationPresenter.swift in Sources */,
				EE364A702A901E10008A8796 /* CustomTextField.swift in Sources */,
				EEFA9B012A8B437F00EA95A5 /* AuthValidation.swift in Sources */,
				EE22A38C2A87AB6000DAF44C /* SceneDelegate.swift in Sources */,
				EEFA9AF42A8A8AB200EA95A5 /* AuthResponseJson.swift in Sources */,
				EE66A18B2A8E2751006947BE /* EmailConfirmationViewController.swift in Sources */,
				EE364A6C2A8F9BC1008A8796 /* KeyChainStorage.swift in Sources */,
				EEAE39002A92382900C4661F /* MenuHeaderView.swift in Sources */,
				848E406C2A8A16710014D704 /* NotificationsTableViewCell.swift in Sources */,
				EE22A38C2A87AB6000DAF44C /* SceneDelegate.swift in Sources */,
				CAA573572A910E7E00433DBC /* NotificationPresenter.swift in Sources */,
				848E40552A87F2DF0014D704 /* HomePageProtocols.swift in Sources */,
				EE22A3A32A87AEAB00DAF44C /* MainBuilder.swift in Sources */,
				EEAE39092A92382900C4661F /* Section.swift in Sources */,
				848E40572A87F3060014D704 /* HomePageView.swift in Sources */,
				EEF75DC12A8F8D94000F1C3A /* UIView Extension.swift in Sources */,
				848E40672A88DBE90014D704 /* PetsCollectionViewCell.swift in Sources */,
				848E40652A88DBDC0014D704 /* PetsCollectionView.swift in Sources */,
				848E40612A880E700014D704 /* PrimaryNavBarView.swift in Sources */,
				EEDC7F6C2A8A6A0B008CBD72 /* GeneralNetworkService.swift in Sources */,
				848E40592A87F3110014D704 /* HomePageViewController.swift in Sources */,
				848E405B2A87F3240014D704 /* HomePagePresenter.swift in Sources */,
				848E406A2A88DE660014D704 /* Pet.swift in Sources */,
				848E40532A87F2C80014D704 /* HomePageAssembly.swift in Sources */,
			);
			runOnlyForDeploymentPostprocessing = 0;
		};
/* End PBXSourcesBuildPhase section */

/* Begin PBXVariantGroup section */
		EE22A3942A87AB6200DAF44C /* LaunchScreen.storyboard */ = {
			isa = PBXVariantGroup;
			children = (
				EE22A3952A87AB6200DAF44C /* Base */,
			);
			name = LaunchScreen.storyboard;
			sourceTree = "<group>";
		};
/* End PBXVariantGroup section */

/* Begin XCBuildConfiguration section */
		EE22A3982A87AB6200DAF44C /* Debug */ = {
			isa = XCBuildConfiguration;
			buildSettings = {
				ALWAYS_SEARCH_USER_PATHS = NO;
				ASSETCATALOG_COMPILER_GENERATE_SWIFT_ASSET_SYMBOL_EXTENSIONS = YES;
				CLANG_ANALYZER_NONNULL = YES;
				CLANG_ANALYZER_NUMBER_OBJECT_CONVERSION = YES_AGGRESSIVE;
				CLANG_CXX_LANGUAGE_STANDARD = "gnu++20";
				CLANG_ENABLE_MODULES = YES;
				CLANG_ENABLE_OBJC_ARC = YES;
				CLANG_ENABLE_OBJC_WEAK = YES;
				CLANG_WARN_BLOCK_CAPTURE_AUTORELEASING = YES;
				CLANG_WARN_BOOL_CONVERSION = YES;
				CLANG_WARN_COMMA = YES;
				CLANG_WARN_CONSTANT_CONVERSION = YES;
				CLANG_WARN_DEPRECATED_OBJC_IMPLEMENTATIONS = YES;
				CLANG_WARN_DIRECT_OBJC_ISA_USAGE = YES_ERROR;
				CLANG_WARN_DOCUMENTATION_COMMENTS = YES;
				CLANG_WARN_EMPTY_BODY = YES;
				CLANG_WARN_ENUM_CONVERSION = YES;
				CLANG_WARN_INFINITE_RECURSION = YES;
				CLANG_WARN_INT_CONVERSION = YES;
				CLANG_WARN_NON_LITERAL_NULL_CONVERSION = YES;
				CLANG_WARN_OBJC_IMPLICIT_RETAIN_SELF = YES;
				CLANG_WARN_OBJC_LITERAL_CONVERSION = YES;
				CLANG_WARN_OBJC_ROOT_CLASS = YES_ERROR;
				CLANG_WARN_QUOTED_INCLUDE_IN_FRAMEWORK_HEADER = YES;
				CLANG_WARN_RANGE_LOOP_ANALYSIS = YES;
				CLANG_WARN_STRICT_PROTOTYPES = YES;
				CLANG_WARN_SUSPICIOUS_MOVE = YES;
				CLANG_WARN_UNGUARDED_AVAILABILITY = YES_AGGRESSIVE;
				CLANG_WARN_UNREACHABLE_CODE = YES;
				CLANG_WARN__DUPLICATE_METHOD_MATCH = YES;
				COPY_PHASE_STRIP = NO;
				DEBUG_INFORMATION_FORMAT = dwarf;
				ENABLE_STRICT_OBJC_MSGSEND = YES;
				ENABLE_TESTABILITY = YES;
				ENABLE_USER_SCRIPT_SANDBOXING = NO;
				GCC_C_LANGUAGE_STANDARD = gnu17;
				GCC_DYNAMIC_NO_PIC = NO;
				GCC_NO_COMMON_BLOCKS = YES;
				GCC_OPTIMIZATION_LEVEL = 0;
				GCC_PREPROCESSOR_DEFINITIONS = (
					"DEBUG=1",
					"$(inherited)",
				);
				GCC_WARN_64_TO_32_BIT_CONVERSION = YES;
				GCC_WARN_ABOUT_RETURN_TYPE = YES_ERROR;
				GCC_WARN_UNDECLARED_SELECTOR = YES;
				GCC_WARN_UNINITIALIZED_AUTOS = YES_AGGRESSIVE;
				GCC_WARN_UNUSED_FUNCTION = YES;
				GCC_WARN_UNUSED_VARIABLE = YES;
				IPHONEOS_DEPLOYMENT_TARGET = 17.0;
				LOCALIZATION_PREFERS_STRING_CATALOGS = YES;
				MTL_ENABLE_DEBUG_INFO = INCLUDE_SOURCE;
				MTL_FAST_MATH = YES;
				ONLY_ACTIVE_ARCH = YES;
				SDKROOT = iphoneos;
				SWIFT_ACTIVE_COMPILATION_CONDITIONS = "DEBUG $(inherited)";
				SWIFT_OPTIMIZATION_LEVEL = "-Onone";
			};
			name = Debug;
		};
		EE22A3992A87AB6200DAF44C /* Release */ = {
			isa = XCBuildConfiguration;
			buildSettings = {
				ALWAYS_SEARCH_USER_PATHS = NO;
				ASSETCATALOG_COMPILER_GENERATE_SWIFT_ASSET_SYMBOL_EXTENSIONS = YES;
				CLANG_ANALYZER_NONNULL = YES;
				CLANG_ANALYZER_NUMBER_OBJECT_CONVERSION = YES_AGGRESSIVE;
				CLANG_CXX_LANGUAGE_STANDARD = "gnu++20";
				CLANG_ENABLE_MODULES = YES;
				CLANG_ENABLE_OBJC_ARC = YES;
				CLANG_ENABLE_OBJC_WEAK = YES;
				CLANG_WARN_BLOCK_CAPTURE_AUTORELEASING = YES;
				CLANG_WARN_BOOL_CONVERSION = YES;
				CLANG_WARN_COMMA = YES;
				CLANG_WARN_CONSTANT_CONVERSION = YES;
				CLANG_WARN_DEPRECATED_OBJC_IMPLEMENTATIONS = YES;
				CLANG_WARN_DIRECT_OBJC_ISA_USAGE = YES_ERROR;
				CLANG_WARN_DOCUMENTATION_COMMENTS = YES;
				CLANG_WARN_EMPTY_BODY = YES;
				CLANG_WARN_ENUM_CONVERSION = YES;
				CLANG_WARN_INFINITE_RECURSION = YES;
				CLANG_WARN_INT_CONVERSION = YES;
				CLANG_WARN_NON_LITERAL_NULL_CONVERSION = YES;
				CLANG_WARN_OBJC_IMPLICIT_RETAIN_SELF = YES;
				CLANG_WARN_OBJC_LITERAL_CONVERSION = YES;
				CLANG_WARN_OBJC_ROOT_CLASS = YES_ERROR;
				CLANG_WARN_QUOTED_INCLUDE_IN_FRAMEWORK_HEADER = YES;
				CLANG_WARN_RANGE_LOOP_ANALYSIS = YES;
				CLANG_WARN_STRICT_PROTOTYPES = YES;
				CLANG_WARN_SUSPICIOUS_MOVE = YES;
				CLANG_WARN_UNGUARDED_AVAILABILITY = YES_AGGRESSIVE;
				CLANG_WARN_UNREACHABLE_CODE = YES;
				CLANG_WARN__DUPLICATE_METHOD_MATCH = YES;
				COPY_PHASE_STRIP = NO;
				DEBUG_INFORMATION_FORMAT = "dwarf-with-dsym";
				ENABLE_NS_ASSERTIONS = NO;
				ENABLE_STRICT_OBJC_MSGSEND = YES;
				ENABLE_USER_SCRIPT_SANDBOXING = NO;
				GCC_C_LANGUAGE_STANDARD = gnu17;
				GCC_NO_COMMON_BLOCKS = YES;
				GCC_WARN_64_TO_32_BIT_CONVERSION = YES;
				GCC_WARN_ABOUT_RETURN_TYPE = YES_ERROR;
				GCC_WARN_UNDECLARED_SELECTOR = YES;
				GCC_WARN_UNINITIALIZED_AUTOS = YES_AGGRESSIVE;
				GCC_WARN_UNUSED_FUNCTION = YES;
				GCC_WARN_UNUSED_VARIABLE = YES;
				IPHONEOS_DEPLOYMENT_TARGET = 17.0;
				LOCALIZATION_PREFERS_STRING_CATALOGS = YES;
				MTL_ENABLE_DEBUG_INFO = NO;
				MTL_FAST_MATH = YES;
				SDKROOT = iphoneos;
				SWIFT_COMPILATION_MODE = wholemodule;
				VALIDATE_PRODUCT = YES;
			};
			name = Release;
		};
		EE22A39B2A87AB6200DAF44C /* Debug */ = {
			isa = XCBuildConfiguration;
			baseConfigurationReference = 7892613F535C27311A7612F9 /* Pods-PetConnect.debug.xcconfig */;
			buildSettings = {
				ASSETCATALOG_COMPILER_APPICON_NAME = AppIcon;
				ASSETCATALOG_COMPILER_GLOBAL_ACCENT_COLOR_NAME = AccentColor;
				CODE_SIGN_STYLE = Automatic;
				CURRENT_PROJECT_VERSION = 1;
				DEVELOPMENT_TEAM = 89WFJKS8JF;
				GENERATE_INFOPLIST_FILE = YES;
				INFOPLIST_FILE = PetConnect/Info.plist;
				INFOPLIST_KEY_LSApplicationCategoryType = "public.app-category.lifestyle";
				INFOPLIST_KEY_UIApplicationSupportsIndirectInputEvents = YES;
				INFOPLIST_KEY_UILaunchStoryboardName = LaunchScreen;
				INFOPLIST_KEY_UISupportedInterfaceOrientations = UIInterfaceOrientationPortrait;
				INFOPLIST_KEY_UISupportedInterfaceOrientations_iPad = "UIInterfaceOrientationLandscapeLeft UIInterfaceOrientationLandscapeRight UIInterfaceOrientationPortrait UIInterfaceOrientationPortraitUpsideDown";
				IPHONEOS_DEPLOYMENT_TARGET = 15.0;
				LD_RUNPATH_SEARCH_PATHS = (
					"$(inherited)",
					"@executable_path/Frameworks",
				);
				MARKETING_VERSION = 0.1;
				PRODUCT_BUNDLE_IDENTIFIER = Shredding.PetConnect;
				PRODUCT_NAME = "$(TARGET_NAME)";
				SWIFT_EMIT_LOC_STRINGS = YES;
				SWIFT_VERSION = 5.0;
				TARGETED_DEVICE_FAMILY = "1,2";
			};
			name = Debug;
		};
		EE22A39C2A87AB6200DAF44C /* Release */ = {
			isa = XCBuildConfiguration;
			baseConfigurationReference = 7FD9428F92764E5AA76A5608 /* Pods-PetConnect.release.xcconfig */;
			buildSettings = {
				ASSETCATALOG_COMPILER_APPICON_NAME = AppIcon;
				ASSETCATALOG_COMPILER_GLOBAL_ACCENT_COLOR_NAME = AccentColor;
				CODE_SIGN_STYLE = Automatic;
				CURRENT_PROJECT_VERSION = 1;
				DEVELOPMENT_TEAM = 89WFJKS8JF;
				GENERATE_INFOPLIST_FILE = YES;
				INFOPLIST_FILE = PetConnect/Info.plist;
				INFOPLIST_KEY_LSApplicationCategoryType = "public.app-category.lifestyle";
				INFOPLIST_KEY_UIApplicationSupportsIndirectInputEvents = YES;
				INFOPLIST_KEY_UILaunchStoryboardName = LaunchScreen;
				INFOPLIST_KEY_UISupportedInterfaceOrientations = UIInterfaceOrientationPortrait;
				INFOPLIST_KEY_UISupportedInterfaceOrientations_iPad = "UIInterfaceOrientationLandscapeLeft UIInterfaceOrientationLandscapeRight UIInterfaceOrientationPortrait UIInterfaceOrientationPortraitUpsideDown";
				IPHONEOS_DEPLOYMENT_TARGET = 15.0;
				LD_RUNPATH_SEARCH_PATHS = (
					"$(inherited)",
					"@executable_path/Frameworks",
				);
				MARKETING_VERSION = 0.1;
				PRODUCT_BUNDLE_IDENTIFIER = Shredding.PetConnect;
				PRODUCT_NAME = "$(TARGET_NAME)";
				SWIFT_EMIT_LOC_STRINGS = YES;
				SWIFT_VERSION = 5.0;
				TARGETED_DEVICE_FAMILY = "1,2";
			};
			name = Release;
		};
/* End XCBuildConfiguration section */

/* Begin XCConfigurationList section */
		EE22A3812A87AB6000DAF44C /* Build configuration list for PBXProject "PetConnect" */ = {
			isa = XCConfigurationList;
			buildConfigurations = (
				EE22A3982A87AB6200DAF44C /* Debug */,
				EE22A3992A87AB6200DAF44C /* Release */,
			);
			defaultConfigurationIsVisible = 0;
			defaultConfigurationName = Release;
		};
		EE22A39A2A87AB6200DAF44C /* Build configuration list for PBXNativeTarget "PetConnect" */ = {
			isa = XCConfigurationList;
			buildConfigurations = (
				EE22A39B2A87AB6200DAF44C /* Debug */,
				EE22A39C2A87AB6200DAF44C /* Release */,
			);
			defaultConfigurationIsVisible = 0;
			defaultConfigurationName = Release;
		};
/* End XCConfigurationList section */
	};
	rootObject = EE22A37E2A87AB6000DAF44C /* Project object */;
}
